
Microsoft Visual Studio Solution File, Format Version 12.00
# Visual Studio Version 17
VisualStudioVersion = 17.11.35312.102
MinimumVisualStudioVersion = 10.0.40219.1
Project("{FAE04EC0-301F-11D3-BF4B-00C04F79EFBC}") = "WPFApp", "WPFApp\WPFApp.csproj", "{B424E7B5-DCAF-4DC7-A3C6-13CF65A12407}"
EndProject
Global
	GlobalSection(SolutionConfigurationPlatforms) = preSolution
		Debug|Any CPU = Debug|Any CPU
		Release|Any CPU = Release|Any CPU
	EndGlobalSection
	GlobalSection(ProjectConfigurationPlatforms) = postSolution
		{B424E7B5-DCAF-4DC7-A3C6-13CF65A12407}.Debug|Any CPU.ActiveCfg = Debug|Any CPU
		{B424E7B5-DCAF-4DC7-A3C6-13CF65A12407}.Debug|Any CPU.Build.0 = Debug|Any CPU
		{B424E7B5-DCAF-4DC7-A3C6-13CF65A12407}.Release|Any CPU.ActiveCfg = Release|Any CPU
		{B424E7B5-DCAF-4DC7-A3C6-13CF65A12407}.Release|Any CPU.Build.0 = Release|Any CPU
	EndGlobalSection
	GlobalSection(SolutionProperties) = preSolution
		HideSolutionNode = FALSE
	EndGlobalSection
	GlobalSection(ExtensibilityGlobals) = postSolution
		SolutionGuid = {B411C8E8-A8AB-4D1F-BBE0-D51BB5BFE943}
	EndGlobalSection
EndGlobal
